
Microsoft Visual Studio Solution File, Format Version 12.00
# Visual Studio Version 17
VisualStudioVersion = 17.1.32210.238
MinimumVisualStudioVersion = 10.0.40219.1
Project("{FAE04EC0-301F-11D3-BF4B-00C04F79EFBC}") = "Server", "Server\Server.csproj", "{FE74FA19-146A-4CD5-B236-47765B7BA15C}"
EndProject
Global
	GlobalSection(SolutionConfigurationPlatforms) = preSolution
		Debug|Any CPU = Debug|Any CPU
		Release|Any CPU = Release|Any CPU
	EndGlobalSection
	GlobalSection(ProjectConfigurationPlatforms) = postSolution
		{FE74FA19-146A-4CD5-B236-47765B7BA15C}.Debug|Any CPU.ActiveCfg = Debug|Any CPU
		{FE74FA19-146A-4CD5-B236-47765B7BA15C}.Debug|Any CPU.Build.0 = Debug|Any CPU
		{FE74FA19-146A-4CD5-B236-47765B7BA15C}.Release|Any CPU.ActiveCfg = Release|Any CPU
		{FE74FA19-146A-4CD5-B236-47765B7BA15C}.Release|Any CPU.Build.0 = Release|Any CPU
	EndGlobalSection
	GlobalSection(SolutionProperties) = preSolution
		HideSolutionNode = FALSE
	EndGlobalSection
	GlobalSection(ExtensibilityGlobals) = postSolution
		SolutionGuid = {7397B35E-7997-44BA-97EC-D7E99DD0F450}
	EndGlobalSection
EndGlobal
